schema: '2.0'
stages:
  preprocess:
    cmd: DEBUG=false PYTHONPATH=src python -m 
      domains.recommendation.stages.preprocess
    deps:
    - path: data/recommendation/raw/ratings.csv
      hash: md5
      md5: 325a6f09399d1c45671f187505e1a100
      size: 2483723
    - path: params.yaml
      hash: md5
      md5: d2f7116e8dba3d7f5d80c46732f2a1ef
      size: 411
    - path: src/domains/recommendation/
      hash: md5
      md5: 02f44491858de25042dc3ed23467b7dc.dir
      size: 135744
      nfiles: 34
    outs:
    - path: data/recommendation/processed/interactions.parquet
      hash: md5
      md5: 3aa4f60e308328eee115bfd30f7ad653
      size: 842917
  feature_eng:
    cmd: DEBUG=false PYTHONPATH=src python -m 
      domains.recommendation.stages.feature_eng
    deps:
    - path: data/recommendation/processed/interactions.parquet
      hash: md5
      md5: 3aa4f60e308328eee115bfd30f7ad653
      size: 842917
    - path: params.yaml
      hash: md5
      md5: d2f7116e8dba3d7f5d80c46732f2a1ef
      size: 411
    - path: src/domains/recommendation/
      hash: md5
      md5: 02f44491858de25042dc3ed23467b7dc.dir
      size: 135744
      nfiles: 34
    outs:
    - path: data/recommendation/features/test_truth.json
      hash: md5
      md5: 56ccd4be6535b42e8f09930e0d327a01
      size: 9072
    - path: data/recommendation/features/train.parquet
      hash: md5
      md5: 28198a3811b2abcac919a92a51d098e7
      size: 267686
  train:
    cmd: DEBUG=false PYTHONPATH=src python -m 
      domains.recommendation.stages.train
    deps:
    - path: data/recommendation/features/test_truth.json
      hash: md5
      md5: 56ccd4be6535b42e8f09930e0d327a01
      size: 9072
    - path: data/recommendation/features/train.parquet
      hash: md5
      md5: 28198a3811b2abcac919a92a51d098e7
      size: 267686
    - path: params.yaml
      hash: md5
      md5: d2f7116e8dba3d7f5d80c46732f2a1ef
      size: 411
    - path: src/domains/recommendation/
      hash: md5
      md5: 02f44491858de25042dc3ed23467b7dc.dir
      size: 135744
      nfiles: 34
    outs:
    - path: models/recommendation/torch_embedding.meta.json
      hash: md5
      md5: c75781dddc2ef5d50f041c598b1968b4
      size: 820294
    - path: models/recommendation/torch_embedding.pt
      hash: md5
      md5: a22e8dc7c4b392aa680b567dc7f0815c
      size: 1347736
    - path: models/recommendation/train_metrics.json
      hash: md5
      md5: 12bb101cc4bdb5ef63569fac3b15fffe
      size: 672
  evaluate:
    cmd: DEBUG=false PYTHONPATH=src python -m 
      domains.recommendation.stages.evaluate
    deps:
    - path: data/recommendation/features/test_truth.json
      hash: md5
      md5: 56ccd4be6535b42e8f09930e0d327a01
      size: 9072
    - path: models/recommendation/train_metrics.json
      hash: md5
      md5: 12bb101cc4bdb5ef63569fac3b15fffe
      size: 672
    - path: params.yaml
      hash: md5
      md5: d2f7116e8dba3d7f5d80c46732f2a1ef
      size: 411
    - path: src/domains/recommendation/
      hash: md5
      md5: 02f44491858de25042dc3ed23467b7dc.dir
      size: 135744
      nfiles: 34
    outs:
    - path: models/recommendation/champion_manifest.json
      hash: md5
      md5: a1cef004b9dfe9a05933f82b385491f2
      size: 370
    - path: reports/recommendation/metrics.json
      hash: md5
      md5: a296e8d13c5aa1e50f88b603bf9e583b
      size: 1097
