schema: '2.0'
stages:
  preprocess:
    cmd: DEBUG=false PYTHONPATH=src python -m 
      domains.recommendation.stages.preprocess
    deps:
    - path: data/recommendation/raw/ratings.csv
      hash: md5
      md5: 325a6f09399d1c45671f187505e1a100
      size: 2483723
    - path: params.yaml
      hash: md5
      md5: 7c1e31ddfaa9ba01b4d5cc9784b7d6fd
      size: 432
    - path: src/domains/recommendation/
      hash: md5
      md5: d4a65e25b1f8476340f9ff7170981195.dir
      size: 141722
      nfiles: 34
    outs:
    - path: data/recommendation/processed/interactions.parquet
      hash: md5
      md5: f190ca7b8828de3751fc027cecd1f304
      size: 842917
  feature_eng:
    cmd: DEBUG=false PYTHONPATH=src python -m 
      domains.recommendation.stages.feature_eng
    deps:
    - path: data/recommendation/processed/interactions.parquet
      hash: md5
      md5: f190ca7b8828de3751fc027cecd1f304
      size: 842917
    - path: params.yaml
      hash: md5
      md5: 7c1e31ddfaa9ba01b4d5cc9784b7d6fd
      size: 432
    - path: src/domains/recommendation/
      hash: md5
      md5: d4a65e25b1f8476340f9ff7170981195.dir
      size: 141722
      nfiles: 34
    outs:
    - path: data/recommendation/features/test_truth.json
      hash: md5
      md5: b57d2f0dcfef5a00a4eca3b92cf30a42
      size: 9031
    - path: data/recommendation/features/train.parquet
      hash: md5
      md5: ef21d7222b8e8ddb0b9d52408fbbd534
      size: 267710
  train:
    cmd: DEBUG=false PYTHONPATH=src python -m 
      domains.recommendation.stages.train
    deps:
    - path: data/recommendation/features/test_truth.json
      hash: md5
      md5: b57d2f0dcfef5a00a4eca3b92cf30a42
      size: 9031
    - path: data/recommendation/features/train.parquet
      hash: md5
      md5: ef21d7222b8e8ddb0b9d52408fbbd534
      size: 267710
    - path: params.yaml
      hash: md5
      md5: 7c1e31ddfaa9ba01b4d5cc9784b7d6fd
      size: 432
    - path: src/domains/recommendation/
      hash: md5
      md5: d4a65e25b1f8476340f9ff7170981195.dir
      size: 141722
      nfiles: 34
    outs:
    - path: models/recommendation/torch_embedding.meta.json
      hash: md5
      md5: 6337fa845d532e2f0e9cbcb8d2498e9b
      size: 820569
    - path: models/recommendation/torch_embedding.pt
      hash: md5
      md5: 44b5f086cde8534e1960a0b2c006496c
      size: 1412892
    - path: models/recommendation/train_metrics.json
      hash: md5
      md5: 811c05b2ac6b619a474fd83db4d7f2f9
      size: 667
  evaluate:
    cmd: DEBUG=false PYTHONPATH=src python -m 
      domains.recommendation.stages.evaluate
    deps:
    - path: data/recommendation/features/test_truth.json
      hash: md5
      md5: b57d2f0dcfef5a00a4eca3b92cf30a42
      size: 9031
    - path: models/recommendation/train_metrics.json
      hash: md5
      md5: 811c05b2ac6b619a474fd83db4d7f2f9
      size: 667
    - path: params.yaml
      hash: md5
      md5: 7c1e31ddfaa9ba01b4d5cc9784b7d6fd
      size: 432
    - path: src/domains/recommendation/
      hash: md5
      md5: d4a65e25b1f8476340f9ff7170981195.dir
      size: 141722
      nfiles: 34
    outs:
    - path: models/recommendation/champion_manifest.json
      hash: md5
      md5: 9602e7ac034dd908518ad2728f5d4083
      size: 398
    - path: reports/recommendation/metrics.json
      hash: md5
      md5: 7f1f546c8ca6c946f3eea1b93b9fe9cc
      size: 1089
