schema: '2.0'
stages:
  preprocess:
    cmd: DEBUG=false PYTHONPATH=src python -m 
      domains.recommendation.stages.preprocess
    deps:
    - path: data/recommendation/raw/ratings.csv
      hash: md5
      md5: 325a6f09399d1c45671f187505e1a100
      size: 2483723
    - path: params.yaml
      hash: md5
      md5: 18ece2b9d0d85703b598b2e2ab0db5b2
      size: 431
    - path: src/domains/recommendation/
      hash: md5
      md5: d4a65e25b1f8476340f9ff7170981195.dir
      size: 141722
      nfiles: 34
    outs:
    - path: data/recommendation/processed/interactions.parquet
      hash: md5
      md5: f190ca7b8828de3751fc027cecd1f304
      size: 842917
  feature_eng:
    cmd: DEBUG=false PYTHONPATH=src python -m 
      domains.recommendation.stages.feature_eng
    deps:
    - path: data/recommendation/processed/interactions.parquet
      hash: md5
      md5: f190ca7b8828de3751fc027cecd1f304
      size: 842917
    - path: params.yaml
      hash: md5
      md5: 18ece2b9d0d85703b598b2e2ab0db5b2
      size: 431
    - path: src/domains/recommendation/
      hash: md5
      md5: d4a65e25b1f8476340f9ff7170981195.dir
      size: 141722
      nfiles: 34
    outs:
    - path: data/recommendation/features/test_truth.json
      hash: md5
      md5: b57d2f0dcfef5a00a4eca3b92cf30a42
      size: 9031
    - path: data/recommendation/features/train.parquet
      hash: md5
      md5: ef21d7222b8e8ddb0b9d52408fbbd534
      size: 267710
  train:
    cmd: DEBUG=false PYTHONPATH=src python -m 
      domains.recommendation.stages.train
    deps:
    - path: data/recommendation/features/test_truth.json
      hash: md5
      md5: b57d2f0dcfef5a00a4eca3b92cf30a42
      size: 9031
    - path: data/recommendation/features/train.parquet
      hash: md5
      md5: ef21d7222b8e8ddb0b9d52408fbbd534
      size: 267710
    - path: params.yaml
      hash: md5
      md5: 18ece2b9d0d85703b598b2e2ab0db5b2
      size: 431
    - path: src/domains/recommendation/
      hash: md5
      md5: d4a65e25b1f8476340f9ff7170981195.dir
      size: 141722
      nfiles: 34
    outs:
    - path: models/recommendation/torch_embedding.meta.json
      hash: md5
      md5: 61643089629e555de28755dc8a702540
      size: 820568
    - path: models/recommendation/torch_embedding.pt
      hash: md5
      md5: 0c474b92d182e4fee08be930299fa975
      size: 1387804
    - path: models/recommendation/train_metrics.json
      hash: md5
      md5: b6bafd53e8b97621298a80236dfb6640
      size: 668
  evaluate:
    cmd: DEBUG=false PYTHONPATH=src python -m 
      domains.recommendation.stages.evaluate
    deps:
    - path: data/recommendation/features/test_truth.json
      hash: md5
      md5: b57d2f0dcfef5a00a4eca3b92cf30a42
      size: 9031
    - path: models/recommendation/train_metrics.json
      hash: md5
      md5: b6bafd53e8b97621298a80236dfb6640
      size: 668
    - path: params.yaml
      hash: md5
      md5: 18ece2b9d0d85703b598b2e2ab0db5b2
      size: 431
    - path: src/domains/recommendation/
      hash: md5
      md5: d4a65e25b1f8476340f9ff7170981195.dir
      size: 141722
      nfiles: 34
    outs:
    - path: models/recommendation/champion_manifest.json
      hash: md5
      md5: 52e5cd338223bc695f737e2cc4dfea0e
      size: 397
    - path: reports/recommendation/metrics.json
      hash: md5
      md5: b0795a9bd241f290047cef06a39d716e
      size: 1091
